PODS:
  - GPSCoreFeature (1.0.0):
    - GPSCoreFeatureInterface
  - GPSCoreFeature/Tests (1.0.0):
    - GPSCoreFeatureInterface
  - GPSCoreFeatureInterface (1.0.0):
    - GPSCoreFeatureInterface/CoordinatorInterface (= 1.0.0)
    - GPSCoreFeatureInterface/ModuleInterface (= 1.0.0)
    - GPSCoreFeatureInterface/TabbarInterface (= 1.0.0)
  - GPSCoreFeatureInterface/CoordinatorInterface (1.0.0)
  - GPSCoreFeatureInterface/ModuleInterface (1.0.0)
  - GPSCoreFeatureInterface/TabbarInterface (1.0.0)
  - GPSExtensions (1.0.0)
  - SwiftGen (6.4.0)
  - SwiftLint (0.43.1)

DEPENDENCIES:
  - GPSCoreFeature (from `Modules/Core/CoreFeature/GPSCoreFeature`)
  - GPSCoreFeature/Tests (from `Modules/Core/CoreFeature/GPSCoreFeature`)
  - GPSCoreFeatureInterface (from `Modules/Core/CoreFeature/GPSCoreFeatureInterface`)
  - GPSExtensions (from `Modules/Services/GPSExtensions`)
  - SwiftGen (~> 6.0)
  - SwiftLint

SPEC REPOS:
  trunk:
    - SwiftGen
    - SwiftLint

EXTERNAL SOURCES:
  GPSCoreFeature:
    :path: Modules/Core/CoreFeature/GPSCoreFeature
  GPSCoreFeatureInterface:
    :path: Modules/Core/CoreFeature/GPSCoreFeatureInterface
  GPSExtensions:
    :path: Modules/Services/GPSExtensions

SPEC CHECKSUMS:
  GPSCoreFeature: 50f4c948883b6b4372e6496955fe33f3ab8f1396
  GPSCoreFeatureInterface: b559e75f6bb8afdc91f3f1e9d4ed25a6d1a6a735
  GPSExtensions: d9109e283000c5809846466b78294e76e5b0cbf9
  SwiftGen: 67860cc7c3cfc2ed25b9b74cfd55495fc89f9108
  SwiftLint: 99f82d07b837b942dd563c668de129a03fc3fb52

PODFILE CHECKSUM: 046fc354298126dfb6f82311f5bfd097d8f29668

COCOAPODS: 1.10.0
