// !$*UTF8*$!
{
	archiveVersion = 1;
	classes = {
	};
	objectVersion = 51;
	objects = {

/* Begin PBXBuildFile section */
		448A777D2689F26F00B63773 /* AppDelegate.swift in Sources */ = {isa = PBXBuildFile; fileRef = 448A777C2689F26F00B63773 /* AppDelegate.swift */; };
		448A77812689F26F00B63773 /* ViewController.swift in Sources */ = {isa = PBXBuildFile; fileRef = 448A77802689F26F00B63773 /* ViewController.swift */; };
		448A77862689F27200B63773 /* Assets.xcassets in Resources */ = {isa = PBXBuildFile; fileRef = 448A77852689F27200B63773 /* Assets.xcassets */; };
		448A77892689F27200B63773 /* LaunchScreen.storyboard in Resources */ = {isa = PBXBuildFile; fileRef = 448A77872689F27200B63773 /* LaunchScreen.storyboard */; };
		448A77942689F27200B63773 /* HomeWorkAppTests.swift in Sources */ = {isa = PBXBuildFile; fileRef = 448A77932689F27200B63773 /* HomeWorkAppTests.swift */; };
		448A779F2689F27200B63773 /* HomeWorkAppUITests.swift in Sources */ = {isa = PBXBuildFile; fileRef = 448A779E2689F27200B63773 /* HomeWorkAppUITests.swift */; };
		448A77F3268A2F6700B63773 /* Localizable.strings in Resources */ = {isa = PBXBuildFile; fileRef = 448A77F2268A2F6700B63773 /* Localizable.strings */; };
		C21CEEB25A6E20848DCE09F4 /* Pods_HomeWorkApp.framework in Frameworks */ = {isa = PBXBuildFile; fileRef = 5FDD62D84F9B3DDABDF85B87 /* Pods_HomeWorkApp.framework */; };
		C2801600B091222783984B6B /* Pods_HomeWorkAppUITests.framework in Frameworks */ = {isa = PBXBuildFile; fileRef = 610440AF0044F153FEFFBDDB /* Pods_HomeWorkAppUITests.framework */; };
		EBB44C55E36070B1CAEDA37C /* Pods_HomeWorkAppTests.framework in Frameworks */ = {isa = PBXBuildFile; fileRef = 6689D23CCC720E76A41D4D32 /* Pods_HomeWorkAppTests.framework */; };
/* End PBXBuildFile section */

/* Begin PBXContainerItemProxy section */
		448A77902689F27200B63773 /* PBXContainerItemProxy */ = {
			isa = PBXContainerItemProxy;
			containerPortal = 448A77712689F26F00B63773 /* Project object */;
			proxyType = 1;
			remoteGlobalIDString = 448A77782689F26F00B63773;
			remoteInfo = HomeWorkApp;
		};
		448A779B2689F27200B63773 /* PBXContainerItemProxy */ = {
			isa = PBXContainerItemProxy;
			containerPortal = 448A77712689F26F00B63773 /* Project object */;
			proxyType = 1;
			remoteGlobalIDString = 448A77782689F26F00B63773;
			remoteInfo = HomeWorkApp;
		};
/* End PBXContainerItemProxy section */

/* Begin PBXFileReference section */
		23F66C1E2107DDB4DAEED1C8 /* Pods-HomeWorkAppTests.release.xcconfig */ = {isa = PBXFileReference; includeInIndex = 1; lastKnownFileType = text.xcconfig; name = "Pods-HomeWorkAppTests.release.xcconfig"; path = "Target Support Files/Pods-HomeWorkAppTests/Pods-HomeWorkAppTests.release.xcconfig"; sourceTree = "<group>"; };
		2A41982A7372816518EFE036 /* Pods-HomeWorkApp.release.xcconfig */ = {isa = PBXFileReference; includeInIndex = 1; lastKnownFileType = text.xcconfig; name = "Pods-HomeWorkApp.release.xcconfig"; path = "Target Support Files/Pods-HomeWorkApp/Pods-HomeWorkApp.release.xcconfig"; sourceTree = "<group>"; };
		448A77792689F26F00B63773 /* HomeWorkApp.app */ = {isa = PBXFileReference; explicitFileType = wrapper.application; includeInIndex = 0; path = HomeWorkApp.app; sourceTree = BUILT_PRODUCTS_DIR; };
		448A777C2689F26F00B63773 /* AppDelegate.swift */ = {isa = PBXFileReference; lastKnownFileType = sourcecode.swift; path = AppDelegate.swift; sourceTree = "<group>"; };
		448A77802689F26F00B63773 /* ViewController.swift */ = {isa = PBXFileReference; lastKnownFileType = sourcecode.swift; path = ViewController.swift; sourceTree = "<group>"; };
		448A77852689F27200B63773 /* Assets.xcassets */ = {isa = PBXFileReference; lastKnownFileType = folder.assetcatalog; path = Assets.xcassets; sourceTree = "<group>"; };
		448A77882689F27200B63773 /* Base */ = {isa = PBXFileReference; lastKnownFileType = file.storyboard; name = Base; path = Base.lproj/LaunchScreen.storyboard; sourceTree = "<group>"; };
		448A778A2689F27200B63773 /* Info.plist */ = {isa = PBXFileReference; lastKnownFileType = text.plist.xml; path = Info.plist; sourceTree = "<group>"; };
		448A778F2689F27200B63773 /* HomeWorkAppTests.xctest */ = {isa = PBXFileReference; explicitFileType = wrapper.cfbundle; includeInIndex = 0; path = HomeWorkAppTests.xctest; sourceTree = BUILT_PRODUCTS_DIR; };
		448A77932689F27200B63773 /* HomeWorkAppTests.swift */ = {isa = PBXFileReference; lastKnownFileType = sourcecode.swift; path = HomeWorkAppTests.swift; sourceTree = "<group>"; };
		448A77952689F27200B63773 /* Info.plist */ = {isa = PBXFileReference; lastKnownFileType = text.plist.xml; path = Info.plist; sourceTree = "<group>"; };
		448A779A2689F27200B63773 /* HomeWorkAppUITests.xctest */ = {isa = PBXFileReference; explicitFileType = wrapper.cfbundle; includeInIndex = 0; path = HomeWorkAppUITests.xctest; sourceTree = BUILT_PRODUCTS_DIR; };
		448A779E2689F27200B63773 /* HomeWorkAppUITests.swift */ = {isa = PBXFileReference; lastKnownFileType = sourcecode.swift; path = HomeWorkAppUITests.swift; sourceTree = "<group>"; };
		448A77A02689F27200B63773 /* Info.plist */ = {isa = PBXFileReference; lastKnownFileType = text.plist.xml; path = Info.plist; sourceTree = "<group>"; };
		448A77F2268A2F6700B63773 /* Localizable.strings */ = {isa = PBXFileReference; lastKnownFileType = text.plist.strings; path = Localizable.strings; sourceTree = "<group>"; };
		4D5017E5ACEC54ACB88BA827 /* Pods-HomeWorkAppTests.debug.xcconfig */ = {isa = PBXFileReference; includeInIndex = 1; lastKnownFileType = text.xcconfig; name = "Pods-HomeWorkAppTests.debug.xcconfig"; path = "Target Support Files/Pods-HomeWorkAppTests/Pods-HomeWorkAppTests.debug.xcconfig"; sourceTree = "<group>"; };
		58D71475EA8BC02D27C6F47D /* Pods-HomeWorkAppTests.mock.xcconfig */ = {isa = PBXFileReference; includeInIndex = 1; lastKnownFileType = text.xcconfig; name = "Pods-HomeWorkAppTests.mock.xcconfig"; path = "Target Support Files/Pods-HomeWorkAppTests/Pods-HomeWorkAppTests.mock.xcconfig"; sourceTree = "<group>"; };
		5A1A276C1B014B124DFDD549 /* Pods-HomeWorkApp.mock.xcconfig */ = {isa = PBXFileReference; includeInIndex = 1; lastKnownFileType = text.xcconfig; name = "Pods-HomeWorkApp.mock.xcconfig"; path = "Target Support Files/Pods-HomeWorkApp/Pods-HomeWorkApp.mock.xcconfig"; sourceTree = "<group>"; };
		5FDD62D84F9B3DDABDF85B87 /* Pods_HomeWorkApp.framework */ = {isa = PBXFileReference; explicitFileType = wrapper.framework; includeInIndex = 0; path = Pods_HomeWorkApp.framework; sourceTree = BUILT_PRODUCTS_DIR; };
		610440AF0044F153FEFFBDDB /* Pods_HomeWorkAppUITests.framework */ = {isa = PBXFileReference; explicitFileType = wrapper.framework; includeInIndex = 0; path = Pods_HomeWorkAppUITests.framework; sourceTree = BUILT_PRODUCTS_DIR; };
		6689D23CCC720E76A41D4D32 /* Pods_HomeWorkAppTests.framework */ = {isa = PBXFileReference; explicitFileType = wrapper.framework; includeInIndex = 0; path = Pods_HomeWorkAppTests.framework; sourceTree = BUILT_PRODUCTS_DIR; };
		AB5B134D73F824BA6DF36ACE /* Pods-HomeWorkAppUITests.release.xcconfig */ = {isa = PBXFileReference; includeInIndex = 1; lastKnownFileType = text.xcconfig; name = "Pods-HomeWorkAppUITests.release.xcconfig"; path = "Target Support Files/Pods-HomeWorkAppUITests/Pods-HomeWorkAppUITests.release.xcconfig"; sourceTree = "<group>"; };
		BF97308EC0324CAB6DC690C1 /* Pods-HomeWorkAppUITests.mock.xcconfig */ = {isa = PBXFileReference; includeInIndex = 1; lastKnownFileType = text.xcconfig; name = "Pods-HomeWorkAppUITests.mock.xcconfig"; path = "Target Support Files/Pods-HomeWorkAppUITests/Pods-HomeWorkAppUITests.mock.xcconfig"; sourceTree = "<group>"; };
		D0FCD97C5D2602578E689A3D /* Pods-HomeWorkApp.debug.xcconfig */ = {isa = PBXFileReference; includeInIndex = 1; lastKnownFileType = text.xcconfig; name = "Pods-HomeWorkApp.debug.xcconfig"; path = "Target Support Files/Pods-HomeWorkApp/Pods-HomeWorkApp.debug.xcconfig"; sourceTree = "<group>"; };
		EA262118F01DE3E59EF697E7 /* Pods-HomeWorkAppUITests.debug.xcconfig */ = {isa = PBXFileReference; includeInIndex = 1; lastKnownFileType = text.xcconfig; name = "Pods-HomeWorkAppUITests.debug.xcconfig"; path = "Target Support Files/Pods-HomeWorkAppUITests/Pods-HomeWorkAppUITests.debug.xcconfig"; sourceTree = "<group>"; };
/* End PBXFileReference section */

/* Begin PBXFrameworksBuildPhase section */
		448A77762689F26F00B63773 /* Frameworks */ = {
			isa = PBXFrameworksBuildPhase;
			buildActionMask = 2147483647;
			files = (
				C21CEEB25A6E20848DCE09F4 /* Pods_HomeWorkApp.framework in Frameworks */,
			);
			runOnlyForDeploymentPostprocessing = 0;
		};
		448A778C2689F27200B63773 /* Frameworks */ = {
			isa = PBXFrameworksBuildPhase;
			buildActionMask = 2147483647;
			files = (
				EBB44C55E36070B1CAEDA37C /* Pods_HomeWorkAppTests.framework in Frameworks */,
			);
			runOnlyForDeploymentPostprocessing = 0;
		};
		448A77972689F27200B63773 /* Frameworks */ = {
			isa = PBXFrameworksBuildPhase;
			buildActionMask = 2147483647;
			files = (
				C2801600B091222783984B6B /* Pods_HomeWorkAppUITests.framework in Frameworks */,
			);
			runOnlyForDeploymentPostprocessing = 0;
		};
/* End PBXFrameworksBuildPhase section */

/* Begin PBXGroup section */
		448A77702689F26F00B63773 = {
			isa = PBXGroup;
			children = (
				448A777B2689F26F00B63773 /* HomeWorkApp */,
				448A77922689F27200B63773 /* HomeWorkAppTests */,
				448A779D2689F27200B63773 /* HomeWorkAppUITests */,
				448A777A2689F26F00B63773 /* Products */,
				A730D121C0CBB54DEBDA1D28 /* Pods */,
				B5CC4601574968C76417B037 /* Frameworks */,
			);
			sourceTree = "<group>";
		};
		448A777A2689F26F00B63773 /* Products */ = {
			isa = PBXGroup;
			children = (
				448A77792689F26F00B63773 /* HomeWorkApp.app */,
				448A778F2689F27200B63773 /* HomeWorkAppTests.xctest */,
				448A779A2689F27200B63773 /* HomeWorkAppUITests.xctest */,
			);
			name = Products;
			sourceTree = "<group>";
		};
		448A777B2689F26F00B63773 /* HomeWorkApp */ = {
			isa = PBXGroup;
			children = (
				448A77802689F26F00B63773 /* ViewController.swift */,
				448A77852689F27200B63773 /* Assets.xcassets */,
				448A778A2689F27200B63773 /* Info.plist */,
				448A77EE268A2EC400B63773 /* Resources */,
				448A77F0268A2EDF00B63773 /* Sources */,
				448A77E8268A2AEA00B63773 /* Startup */,
			);
			path = HomeWorkApp;
			sourceTree = "<group>";
		};
		448A77922689F27200B63773 /* HomeWorkAppTests */ = {
			isa = PBXGroup;
			children = (
				448A77932689F27200B63773 /* HomeWorkAppTests.swift */,
				448A77952689F27200B63773 /* Info.plist */,
			);
			path = HomeWorkAppTests;
			sourceTree = "<group>";
		};
		448A779D2689F27200B63773 /* HomeWorkAppUITests */ = {
			isa = PBXGroup;
			children = (
				448A779E2689F27200B63773 /* HomeWorkAppUITests.swift */,
				448A77A02689F27200B63773 /* Info.plist */,
			);
			path = HomeWorkAppUITests;
			sourceTree = "<group>";
		};
		448A77E8268A2AEA00B63773 /* Startup */ = {
			isa = PBXGroup;
			children = (
				448A777C2689F26F00B63773 /* AppDelegate.swift */,
				448A77872689F27200B63773 /* LaunchScreen.storyboard */,
			);
			path = Startup;
			sourceTree = "<group>";
		};
		448A77EE268A2EC400B63773 /* Resources */ = {
			isa = PBXGroup;
			children = (
				448A77EF268A2EC900B63773 /* Strings */,
			);
			path = Resources;
			sourceTree = "<group>";
		};
		448A77EF268A2EC900B63773 /* Strings */ = {
			isa = PBXGroup;
			children = (
				448A77F2268A2F6700B63773 /* Localizable.strings */,
			);
			path = Strings;
			sourceTree = "<group>";
		};
		448A77F0268A2EDF00B63773 /* Sources */ = {
			isa = PBXGroup;
			children = (
				448A77F1268A2F1200B63773 /* Generated */,
			);
			path = Sources;
			sourceTree = "<group>";
		};
		448A77F1268A2F1200B63773 /* Generated */ = {
			isa = PBXGroup;
			children = (
			);
			path = Generated;
			sourceTree = "<group>";
		};
		A730D121C0CBB54DEBDA1D28 /* Pods */ = {
			isa = PBXGroup;
			children = (
				D0FCD97C5D2602578E689A3D /* Pods-HomeWorkApp.debug.xcconfig */,
				5A1A276C1B014B124DFDD549 /* Pods-HomeWorkApp.mock.xcconfig */,
				2A41982A7372816518EFE036 /* Pods-HomeWorkApp.release.xcconfig */,
				4D5017E5ACEC54ACB88BA827 /* Pods-HomeWorkAppTests.debug.xcconfig */,
				58D71475EA8BC02D27C6F47D /* Pods-HomeWorkAppTests.mock.xcconfig */,
				23F66C1E2107DDB4DAEED1C8 /* Pods-HomeWorkAppTests.release.xcconfig */,
				EA262118F01DE3E59EF697E7 /* Pods-HomeWorkAppUITests.debug.xcconfig */,
				BF97308EC0324CAB6DC690C1 /* Pods-HomeWorkAppUITests.mock.xcconfig */,
				AB5B134D73F824BA6DF36ACE /* Pods-HomeWorkAppUITests.release.xcconfig */,
			);
			path = Pods;
			sourceTree = "<group>";
		};
		B5CC4601574968C76417B037 /* Frameworks */ = {
			isa = PBXGroup;
			children = (
				5FDD62D84F9B3DDABDF85B87 /* Pods_HomeWorkApp.framework */,
				6689D23CCC720E76A41D4D32 /* Pods_HomeWorkAppTests.framework */,
				610440AF0044F153FEFFBDDB /* Pods_HomeWorkAppUITests.framework */,
			);
			name = Frameworks;
			sourceTree = "<group>";
		};
/* End PBXGroup section */

/* Begin PBXNativeTarget section */
		448A77782689F26F00B63773 /* HomeWorkApp */ = {
			isa = PBXNativeTarget;
			buildConfigurationList = 448A77A32689F27200B63773 /* Build configuration list for PBXNativeTarget "HomeWorkApp" */;
			buildPhases = (
				EE3102E6F3ACA298766F83B9 /* [CP] Check Pods Manifest.lock */,
				448A77752689F26F00B63773 /* Sources */,
				448A77762689F26F00B63773 /* Frameworks */,
				448A77772689F26F00B63773 /* Resources */,
				448A77ED268A2DA000B63773 /* SwiftLint e SwiftGen */,
				BACFF249D2B96B1CFF9105A3 /* [CP] Embed Pods Frameworks */,
			);
			buildRules = (
			);
			dependencies = (
			);
			name = HomeWorkApp;
			productName = HomeWorkApp;
			productReference = 448A77792689F26F00B63773 /* HomeWorkApp.app */;
			productType = "com.apple.product-type.application";
		};
		448A778E2689F27200B63773 /* HomeWorkAppTests */ = {
			isa = PBXNativeTarget;
			buildConfigurationList = 448A77A62689F27200B63773 /* Build configuration list for PBXNativeTarget "HomeWorkAppTests" */;
			buildPhases = (
				0FFED298FEFAC50E3E6ADDB3 /* [CP] Check Pods Manifest.lock */,
				448A778B2689F27200B63773 /* Sources */,
				448A778C2689F27200B63773 /* Frameworks */,
				448A778D2689F27200B63773 /* Resources */,
				D84A4FB3318CF280733B4FD0 /* [CP] Embed Pods Frameworks */,
			);
			buildRules = (
			);
			dependencies = (
				448A77912689F27200B63773 /* PBXTargetDependency */,
			);
			name = HomeWorkAppTests;
			productName = HomeWorkAppTests;
			productReference = 448A778F2689F27200B63773 /* HomeWorkAppTests.xctest */;
			productType = "com.apple.product-type.bundle.unit-test";
		};
		448A77992689F27200B63773 /* HomeWorkAppUITests */ = {
			isa = PBXNativeTarget;
			buildConfigurationList = 448A77A92689F27200B63773 /* Build configuration list for PBXNativeTarget "HomeWorkAppUITests" */;
			buildPhases = (
				8BEBE59E32F09F50E9395870 /* [CP] Check Pods Manifest.lock */,
				448A77962689F27200B63773 /* Sources */,
				448A77972689F27200B63773 /* Frameworks */,
				448A77982689F27200B63773 /* Resources */,
			);
			buildRules = (
			);
			dependencies = (
				448A779C2689F27200B63773 /* PBXTargetDependency */,
			);
			name = HomeWorkAppUITests;
			productName = HomeWorkAppUITests;
			productReference = 448A779A2689F27200B63773 /* HomeWorkAppUITests.xctest */;
			productType = "com.apple.product-type.bundle.ui-testing";
		};
/* End PBXNativeTarget section */

/* Begin PBXProject section */
		448A77712689F26F00B63773 /* Project object */ = {
			isa = PBXProject;
			attributes = {
				LastSwiftUpdateCheck = 1250;
				LastUpgradeCheck = 1250;
				TargetAttributes = {
					448A77782689F26F00B63773 = {
						CreatedOnToolsVersion = 12.5;
					};
					448A778E2689F27200B63773 = {
						CreatedOnToolsVersion = 12.5;
						TestTargetID = 448A77782689F26F00B63773;
					};
					448A77992689F27200B63773 = {
						CreatedOnToolsVersion = 12.5;
						TestTargetID = 448A77782689F26F00B63773;
					};
				};
			};
			buildConfigurationList = 448A77742689F26F00B63773 /* Build configuration list for PBXProject "HomeWorkApp" */;
			compatibilityVersion = "Xcode 9.3";
			developmentRegion = en;
			hasScannedForEncodings = 0;
			knownRegions = (
				en,
				Base,
			);
			mainGroup = 448A77702689F26F00B63773;
			productRefGroup = 448A777A2689F26F00B63773 /* Products */;
			projectDirPath = "";
			projectRoot = "";
			targets = (
				448A77782689F26F00B63773 /* HomeWorkApp */,
				448A778E2689F27200B63773 /* HomeWorkAppTests */,
				448A77992689F27200B63773 /* HomeWorkAppUITests */,
			);
		};
/* End PBXProject section */

/* Begin PBXResourcesBuildPhase section */
		448A77772689F26F00B63773 /* Resources */ = {
			isa = PBXResourcesBuildPhase;
			buildActionMask = 2147483647;
			files = (
				448A77892689F27200B63773 /* LaunchScreen.storyboard in Resources */,
				448A77F3268A2F6700B63773 /* Localizable.strings in Resources */,
				448A77862689F27200B63773 /* Assets.xcassets in Resources */,
			);
			runOnlyForDeploymentPostprocessing = 0;
		};
		448A778D2689F27200B63773 /* Resources */ = {
			isa = PBXResourcesBuildPhase;
			buildActionMask = 2147483647;
			files = (
			);
			runOnlyForDeploymentPostprocessing = 0;
		};
		448A77982689F27200B63773 /* Resources */ = {
			isa = PBXResourcesBuildPhase;
			buildActionMask = 2147483647;
			files = (
			);
			runOnlyForDeploymentPostprocessing = 0;
		};
/* End PBXResourcesBuildPhase section */

/* Begin PBXShellScriptBuildPhase section */
		0FFED298FEFAC50E3E6ADDB3 /* [CP] Check Pods Manifest.lock */ = {
			isa = PBXShellScriptBuildPhase;
			buildActionMask = 2147483647;
			files = (
			);
			inputFileListPaths = (
			);
			inputPaths = (
				"${PODS_PODFILE_DIR_PATH}/Podfile.lock",
				"${PODS_ROOT}/Manifest.lock",
			);
			name = "[CP] Check Pods Manifest.lock";
			outputFileListPaths = (
			);
			outputPaths = (
				"$(DERIVED_FILE_DIR)/Pods-HomeWorkAppTests-checkManifestLockResult.txt",
			);
			runOnlyForDeploymentPostprocessing = 0;
			shellPath = /bin/sh;
			shellScript = "diff \"${PODS_PODFILE_DIR_PATH}/Podfile.lock\" \"${PODS_ROOT}/Manifest.lock\" > /dev/null\nif [ $? != 0 ] ; then\n    # print error to STDERR\n    echo \"error: The sandbox is not in sync with the Podfile.lock. Run 'pod install' or update your CocoaPods installation.\" >&2\n    exit 1\nfi\n# This output is used by Xcode 'outputs' to avoid re-running this script phase.\necho \"SUCCESS\" > \"${SCRIPT_OUTPUT_FILE_0}\"\n";
			showEnvVarsInLog = 0;
		};
		448A77ED268A2DA000B63773 /* SwiftLint e SwiftGen */ = {
			isa = PBXShellScriptBuildPhase;
			buildActionMask = 2147483647;
			files = (
			);
			inputFileListPaths = (
			);
			inputPaths = (
			);
			name = "SwiftLint e SwiftGen";
			outputFileListPaths = (
			);
			outputPaths = (
			);
			runOnlyForDeploymentPostprocessing = 0;
			shellPath = /bin/sh;
			shellScript = "${PODS_ROOT}/SwiftGen/bin/swiftgen\n${PODS_ROOT}/SwiftLint/swiftlint\n";
		};
		8BEBE59E32F09F50E9395870 /* [CP] Check Pods Manifest.lock */ = {
			isa = PBXShellScriptBuildPhase;
			buildActionMask = 2147483647;
			files = (
			);
			inputFileListPaths = (
			);
			inputPaths = (
				"${PODS_PODFILE_DIR_PATH}/Podfile.lock",
				"${PODS_ROOT}/Manifest.lock",
			);
			name = "[CP] Check Pods Manifest.lock";
			outputFileListPaths = (
			);
			outputPaths = (
				"$(DERIVED_FILE_DIR)/Pods-HomeWorkAppUITests-checkManifestLockResult.txt",
			);
			runOnlyForDeploymentPostprocessing = 0;
			shellPath = /bin/sh;
			shellScript = "diff \"${PODS_PODFILE_DIR_PATH}/Podfile.lock\" \"${PODS_ROOT}/Manifest.lock\" > /dev/null\nif [ $? != 0 ] ; then\n    # print error to STDERR\n    echo \"error: The sandbox is not in sync with the Podfile.lock. Run 'pod install' or update your CocoaPods installation.\" >&2\n    exit 1\nfi\n# This output is used by Xcode 'outputs' to avoid re-running this script phase.\necho \"SUCCESS\" > \"${SCRIPT_OUTPUT_FILE_0}\"\n";
			showEnvVarsInLog = 0;
		};
		BACFF249D2B96B1CFF9105A3 /* [CP] Embed Pods Frameworks */ = {
			isa = PBXShellScriptBuildPhase;
			buildActionMask = 2147483647;
			files = (
			);
			inputFileListPaths = (
				"${PODS_ROOT}/Target Support Files/Pods-HomeWorkApp/Pods-HomeWorkApp-frameworks-${CONFIGURATION}-input-files.xcfilelist",
			);
			name = "[CP] Embed Pods Frameworks";
			outputFileListPaths = (
				"${PODS_ROOT}/Target Support Files/Pods-HomeWorkApp/Pods-HomeWorkApp-frameworks-${CONFIGURATION}-output-files.xcfilelist",
			);
			runOnlyForDeploymentPostprocessing = 0;
			shellPath = /bin/sh;
			shellScript = "\"${PODS_ROOT}/Target Support Files/Pods-HomeWorkApp/Pods-HomeWorkApp-frameworks.sh\"\n";
			showEnvVarsInLog = 0;
		};
		D84A4FB3318CF280733B4FD0 /* [CP] Embed Pods Frameworks */ = {
			isa = PBXShellScriptBuildPhase;
			buildActionMask = 2147483647;
			files = (
			);
			inputFileListPaths = (
				"${PODS_ROOT}/Target Support Files/Pods-HomeWorkAppTests/Pods-HomeWorkAppTests-frameworks-${CONFIGURATION}-input-files.xcfilelist",
			);
			name = "[CP] Embed Pods Frameworks";
			outputFileListPaths = (
				"${PODS_ROOT}/Target Support Files/Pods-HomeWorkAppTests/Pods-HomeWorkAppTests-frameworks-${CONFIGURATION}-output-files.xcfilelist",
			);
			runOnlyForDeploymentPostprocessing = 0;
			shellPath = /bin/sh;
			shellScript = "\"${PODS_ROOT}/Target Support Files/Pods-HomeWorkAppTests/Pods-HomeWorkAppTests-frameworks.sh\"\n";
			showEnvVarsInLog = 0;
		};
		EE3102E6F3ACA298766F83B9 /* [CP] Check Pods Manifest.lock */ = {
			isa = PBXShellScriptBuildPhase;
			buildActionMask = 2147483647;
			files = (
			);
			inputFileListPaths = (
			);
			inputPaths = (
				"${PODS_PODFILE_DIR_PATH}/Podfile.lock",
				"${PODS_ROOT}/Manifest.lock",
			);
			name = "[CP] Check Pods Manifest.lock";
			outputFileListPaths = (
			);
			outputPaths = (
				"$(DERIVED_FILE_DIR)/Pods-HomeWorkApp-checkManifestLockResult.txt",
			);
			runOnlyForDeploymentPostprocessing = 0;
			shellPath = /bin/sh;
			shellScript = "diff \"${PODS_PODFILE_DIR_PATH}/Podfile.lock\" \"${PODS_ROOT}/Manifest.lock\" > /dev/null\nif [ $? != 0 ] ; then\n    # print error to STDERR\n    echo \"error: The sandbox is not in sync with the Podfile.lock. Run 'pod install' or update your CocoaPods installation.\" >&2\n    exit 1\nfi\n# This output is used by Xcode 'outputs' to avoid re-running this script phase.\necho \"SUCCESS\" > \"${SCRIPT_OUTPUT_FILE_0}\"\n";
			showEnvVarsInLog = 0;
		};
/* End PBXShellScriptBuildPhase section */

/* Begin PBXSourcesBuildPhase section */
		448A77752689F26F00B63773 /* Sources */ = {
			isa = PBXSourcesBuildPhase;
			buildActionMask = 2147483647;
			files = (
				448A77812689F26F00B63773 /* ViewController.swift in Sources */,
				448A777D2689F26F00B63773 /* AppDelegate.swift in Sources */,
			);
			runOnlyForDeploymentPostprocessing = 0;
		};
		448A778B2689F27200B63773 /* Sources */ = {
			isa = PBXSourcesBuildPhase;
			buildActionMask = 2147483647;
			files = (
				448A77942689F27200B63773 /* HomeWorkAppTests.swift in Sources */,
			);
			runOnlyForDeploymentPostprocessing = 0;
		};
		448A77962689F27200B63773 /* Sources */ = {
			isa = PBXSourcesBuildPhase;
			buildActionMask = 2147483647;
			files = (
				448A779F2689F27200B63773 /* HomeWorkAppUITests.swift in Sources */,
			);
			runOnlyForDeploymentPostprocessing = 0;
		};
/* End PBXSourcesBuildPhase section */

/* Begin PBXTargetDependency section */
		448A77912689F27200B63773 /* PBXTargetDependency */ = {
			isa = PBXTargetDependency;
			target = 448A77782689F26F00B63773 /* HomeWorkApp */;
			targetProxy = 448A77902689F27200B63773 /* PBXContainerItemProxy */;
		};
		448A779C2689F27200B63773 /* PBXTargetDependency */ = {
			isa = PBXTargetDependency;
			target = 448A77782689F26F00B63773 /* HomeWorkApp */;
			targetProxy = 448A779B2689F27200B63773 /* PBXContainerItemProxy */;
		};
/* End PBXTargetDependency section */

/* Begin PBXVariantGroup section */
		448A77872689F27200B63773 /* LaunchScreen.storyboard */ = {
			isa = PBXVariantGroup;
			children = (
				448A77882689F27200B63773 /* Base */,
			);
			name = LaunchScreen.storyboard;
			sourceTree = "<group>";
		};
/* End PBXVariantGroup section */

/* Begin XCBuildConfiguration section */
		448A77A12689F27200B63773 /* Debug */ = {
			isa = XCBuildConfiguration;
			buildSettings = {
				ALWAYS_SEARCH_USER_PATHS = NO;
				CLANG_ANALYZER_NONNULL = YES;
				CLANG_ANALYZER_NUMBER_OBJECT_CONVERSION = YES_AGGRESSIVE;
				CLANG_CXX_LANGUAGE_STANDARD = "gnu++14";
				CLANG_CXX_LIBRARY = "libc++";
				CLANG_ENABLE_MODULES = YES;
				CLANG_ENABLE_OBJC_ARC = YES;
				CLANG_ENABLE_OBJC_WEAK = YES;
				CLANG_WARN_BLOCK_CAPTURE_AUTORELEASING = YES;
				CLANG_WARN_BOOL_CONVERSION = YES;
				CLANG_WARN_COMMA = YES;
				CLANG_WARN_CONSTANT_CONVERSION = YES;
				CLANG_WARN_DEPRECATED_OBJC_IMPLEMENTATIONS = YES;
				CLANG_WARN_DIRECT_OBJC_ISA_USAGE = YES_ERROR;
				CLANG_WARN_DOCUMENTATION_COMMENTS = YES;
				CLANG_WARN_EMPTY_BODY = YES;
				CLANG_WARN_ENUM_CONVERSION = YES;
				CLANG_WARN_INFINITE_RECURSION = YES;
				CLANG_WARN_INT_CONVERSION = YES;
				CLANG_WARN_NON_LITERAL_NULL_CONVERSION = YES;
				CLANG_WARN_OBJC_IMPLICIT_RETAIN_SELF = YES;
				CLANG_WARN_OBJC_LITERAL_CONVERSION = YES;
				CLANG_WARN_OBJC_ROOT_CLASS = YES_ERROR;
				CLANG_WARN_QUOTED_INCLUDE_IN_FRAMEWORK_HEADER = YES;
				CLANG_WARN_RANGE_LOOP_ANALYSIS = YES;
				CLANG_WARN_STRICT_PROTOTYPES = YES;
				CLANG_WARN_SUSPICIOUS_MOVE = YES;
				CLANG_WARN_UNGUARDED_AVAILABILITY = YES_AGGRESSIVE;
				CLANG_WARN_UNREACHABLE_CODE = YES;
				CLANG_WARN__DUPLICATE_METHOD_MATCH = YES;
				COPY_PHASE_STRIP = NO;
				DEBUG_INFORMATION_FORMAT = dwarf;
				ENABLE_STRICT_OBJC_MSGSEND = YES;
				ENABLE_TESTABILITY = YES;
				GCC_C_LANGUAGE_STANDARD = gnu11;
				GCC_DYNAMIC_NO_PIC = NO;
				GCC_NO_COMMON_BLOCKS = YES;
				GCC_OPTIMIZATION_LEVEL = 0;
				GCC_PREPROCESSOR_DEFINITIONS = (
					"DEBUG=1",
					"$(inherited)",
				);
				GCC_WARN_64_TO_32_BIT_CONVERSION = YES;
				GCC_WARN_ABOUT_RETURN_TYPE = YES_ERROR;
				GCC_WARN_UNDECLARED_SELECTOR = YES;
				GCC_WARN_UNINITIALIZED_AUTOS = YES_AGGRESSIVE;
				GCC_WARN_UNUSED_FUNCTION = YES;
				GCC_WARN_UNUSED_VARIABLE = YES;
				IPHONEOS_DEPLOYMENT_TARGET = 14.5;
				MTL_ENABLE_DEBUG_INFO = INCLUDE_SOURCE;
				MTL_FAST_MATH = YES;
				ONLY_ACTIVE_ARCH = YES;
				SDKROOT = iphoneos;
				SWIFT_ACTIVE_COMPILATION_CONDITIONS = DEBUG;
				SWIFT_OPTIMIZATION_LEVEL = "-Onone";
			};
			name = Debug;
		};
		448A77A22689F27200B63773 /* Release */ = {
			isa = XCBuildConfiguration;
			buildSettings = {
				ALWAYS_SEARCH_USER_PATHS = NO;
				CLANG_ANALYZER_NONNULL = YES;
				CLANG_ANALYZER_NUMBER_OBJECT_CONVERSION = YES_AGGRESSIVE;
				CLANG_CXX_LANGUAGE_STANDARD = "gnu++14";
				CLANG_CXX_LIBRARY = "libc++";
				CLANG_ENABLE_MODULES = YES;
				CLANG_ENABLE_OBJC_ARC = YES;
				CLANG_ENABLE_OBJC_WEAK = YES;
				CLANG_WARN_BLOCK_CAPTURE_AUTORELEASING = YES;
				CLANG_WARN_BOOL_CONVERSION = YES;
				CLANG_WARN_COMMA = YES;
				CLANG_WARN_CONSTANT_CONVERSION = YES;
				CLANG_WARN_DEPRECATED_OBJC_IMPLEMENTATIONS = YES;
				CLANG_WARN_DIRECT_OBJC_ISA_USAGE = YES_ERROR;
				CLANG_WARN_DOCUMENTATION_COMMENTS = YES;
				CLANG_WARN_EMPTY_BODY = YES;
				CLANG_WARN_ENUM_CONVERSION = YES;
				CLANG_WARN_INFINITE_RECURSION = YES;
				CLANG_WARN_INT_CONVERSION = YES;
				CLANG_WARN_NON_LITERAL_NULL_CONVERSION = YES;
				CLANG_WARN_OBJC_IMPLICIT_RETAIN_SELF = YES;
				CLANG_WARN_OBJC_LITERAL_CONVERSION = YES;
				CLANG_WARN_OBJC_ROOT_CLASS = YES_ERROR;
				CLANG_WARN_QUOTED_INCLUDE_IN_FRAMEWORK_HEADER = YES;
				CLANG_WARN_RANGE_LOOP_ANALYSIS = YES;
				CLANG_WARN_STRICT_PROTOTYPES = YES;
				CLANG_WARN_SUSPICIOUS_MOVE = YES;
				CLANG_WARN_UNGUARDED_AVAILABILITY = YES_AGGRESSIVE;
				CLANG_WARN_UNREACHABLE_CODE = YES;
				CLANG_WARN__DUPLICATE_METHOD_MATCH = YES;
				COPY_PHASE_STRIP = NO;
				DEBUG_INFORMATION_FORMAT = "dwarf-with-dsym";
				ENABLE_NS_ASSERTIONS = NO;
				ENABLE_STRICT_OBJC_MSGSEND = YES;
				GCC_C_LANGUAGE_STANDARD = gnu11;
				GCC_NO_COMMON_BLOCKS = YES;
				GCC_WARN_64_TO_32_BIT_CONVERSION = YES;
				GCC_WARN_ABOUT_RETURN_TYPE = YES_ERROR;
				GCC_WARN_UNDECLARED_SELECTOR = YES;
				GCC_WARN_UNINITIALIZED_AUTOS = YES_AGGRESSIVE;
				GCC_WARN_UNUSED_FUNCTION = YES;
				GCC_WARN_UNUSED_VARIABLE = YES;
				IPHONEOS_DEPLOYMENT_TARGET = 14.5;
				MTL_ENABLE_DEBUG_INFO = NO;
				MTL_FAST_MATH = YES;
				SDKROOT = iphoneos;
				SWIFT_COMPILATION_MODE = wholemodule;
				SWIFT_OPTIMIZATION_LEVEL = "-O";
				VALIDATE_PRODUCT = YES;
			};
			name = Release;
		};
		448A77A42689F27200B63773 /* Debug */ = {
			isa = XCBuildConfiguration;
			baseConfigurationReference = D0FCD97C5D2602578E689A3D /* Pods-HomeWorkApp.debug.xcconfig */;
			buildSettings = {
				ALWAYS_EMBED_SWIFT_STANDARD_LIBRARIES = "$(inherited)";
				ASSETCATALOG_COMPILER_APPICON_NAME = AppIcon;
				ASSETCATALOG_COMPILER_GLOBAL_ACCENT_COLOR_NAME = AccentColor;
				CODE_SIGN_STYLE = Automatic;
				INFOPLIST_FILE = HomeWorkApp/Info.plist;
				LD_RUNPATH_SEARCH_PATHS = (
					"$(inherited)",
					"@executable_path/Frameworks",
				);
				PRODUCT_BUNDLE_IDENTIFIER = br.com.homeworkapp.HomeWorkApp;
				PRODUCT_NAME = "$(TARGET_NAME)";
				SWIFT_VERSION = 5.0;
				TARGETED_DEVICE_FAMILY = "1,2";
			};
			name = Debug;
		};
		448A77A52689F27200B63773 /* Release */ = {
			isa = XCBuildConfiguration;
			baseConfigurationReference = 2A41982A7372816518EFE036 /* Pods-HomeWorkApp.release.xcconfig */;
			buildSettings = {
				ALWAYS_EMBED_SWIFT_STANDARD_LIBRARIES = "$(inherited)";
				ASSETCATALOG_COMPILER_APPICON_NAME = AppIcon;
				ASSETCATALOG_COMPILER_GLOBAL_ACCENT_COLOR_NAME = AccentColor;
				CODE_SIGN_STYLE = Automatic;
				INFOPLIST_FILE = HomeWorkApp/Info.plist;
				LD_RUNPATH_SEARCH_PATHS = (
					"$(inherited)",
					"@executable_path/Frameworks",
				);
				PRODUCT_BUNDLE_IDENTIFIER = br.com.homeworkapp.HomeWorkApp;
				PRODUCT_NAME = "$(TARGET_NAME)";
				SWIFT_VERSION = 5.0;
				TARGETED_DEVICE_FAMILY = "1,2";
			};
			name = Release;
		};
		448A77A72689F27200B63773 /* Debug */ = {
			isa = XCBuildConfiguration;
			baseConfigurationReference = 4D5017E5ACEC54ACB88BA827 /* Pods-HomeWorkAppTests.debug.xcconfig */;
			buildSettings = {
				ALWAYS_EMBED_SWIFT_STANDARD_LIBRARIES = "$(inherited)";
				BUNDLE_LOADER = "$(TEST_HOST)";
				CODE_SIGN_STYLE = Automatic;
				INFOPLIST_FILE = HomeWorkAppTests/Info.plist;
				IPHONEOS_DEPLOYMENT_TARGET = 14.5;
				LD_RUNPATH_SEARCH_PATHS = (
					"$(inherited)",
					"@executable_path/Frameworks",
					"@loader_path/Frameworks",
				);
				PRODUCT_BUNDLE_IDENTIFIER = br.com.homeworkapp.HomeWorkAppTests;
				PRODUCT_NAME = "$(TARGET_NAME)";
				SWIFT_VERSION = 5.0;
				TARGETED_DEVICE_FAMILY = "1,2";
				TEST_HOST = "$(BUILT_PRODUCTS_DIR)/HomeWorkApp.app/HomeWorkApp";
			};
			name = Debug;
		};
		448A77A82689F27200B63773 /* Release */ = {
			isa = XCBuildConfiguration;
			baseConfigurationReference = 23F66C1E2107DDB4DAEED1C8 /* Pods-HomeWorkAppTests.release.xcconfig */;
			buildSettings = {
				ALWAYS_EMBED_SWIFT_STANDARD_LIBRARIES = "$(inherited)";
				BUNDLE_LOADER = "$(TEST_HOST)";
				CODE_SIGN_STYLE = Automatic;
				INFOPLIST_FILE = HomeWorkAppTests/Info.plist;
				IPHONEOS_DEPLOYMENT_TARGET = 14.5;
				LD_RUNPATH_SEARCH_PATHS = (
					"$(inherited)",
					"@executable_path/Frameworks",
					"@loader_path/Frameworks",
				);
				PRODUCT_BUNDLE_IDENTIFIER = br.com.homeworkapp.HomeWorkAppTests;
				PRODUCT_NAME = "$(TARGET_NAME)";
				SWIFT_VERSION = 5.0;
				TARGETED_DEVICE_FAMILY = "1,2";
				TEST_HOST = "$(BUILT_PRODUCTS_DIR)/HomeWorkApp.app/HomeWorkApp";
			};
			name = Release;
		};
		448A77AA2689F27200B63773 /* Debug */ = {
			isa = XCBuildConfiguration;
			baseConfigurationReference = EA262118F01DE3E59EF697E7 /* Pods-HomeWorkAppUITests.debug.xcconfig */;
			buildSettings = {
				ALWAYS_EMBED_SWIFT_STANDARD_LIBRARIES = "$(inherited)";
				CODE_SIGN_STYLE = Automatic;
				INFOPLIST_FILE = HomeWorkAppUITests/Info.plist;
				LD_RUNPATH_SEARCH_PATHS = (
					"$(inherited)",
					"@executable_path/Frameworks",
					"@loader_path/Frameworks",
				);
				PRODUCT_BUNDLE_IDENTIFIER = br.com.homeworkapp.HomeWorkAppUITests;
				PRODUCT_NAME = "$(TARGET_NAME)";
				SWIFT_VERSION = 5.0;
				TARGETED_DEVICE_FAMILY = "1,2";
				TEST_TARGET_NAME = HomeWorkApp;
			};
			name = Debug;
		};
		448A77AB2689F27200B63773 /* Release */ = {
			isa = XCBuildConfiguration;
			baseConfigurationReference = AB5B134D73F824BA6DF36ACE /* Pods-HomeWorkAppUITests.release.xcconfig */;
			buildSettings = {
				ALWAYS_EMBED_SWIFT_STANDARD_LIBRARIES = "$(inherited)";
				CODE_SIGN_STYLE = Automatic;
				INFOPLIST_FILE = HomeWorkAppUITests/Info.plist;
				LD_RUNPATH_SEARCH_PATHS = (
					"$(inherited)",
					"@executable_path/Frameworks",
					"@loader_path/Frameworks",
				);
				PRODUCT_BUNDLE_IDENTIFIER = br.com.homeworkapp.HomeWorkAppUITests;
				PRODUCT_NAME = "$(TARGET_NAME)";
				SWIFT_VERSION = 5.0;
				TARGETED_DEVICE_FAMILY = "1,2";
				TEST_TARGET_NAME = HomeWorkApp;
			};
			name = Release;
		};
		448A77E9268A2B5400B63773 /* Mock */ = {
			isa = XCBuildConfiguration;
			buildSettings = {
				ALWAYS_SEARCH_USER_PATHS = NO;
				CLANG_ANALYZER_NONNULL = YES;
				CLANG_ANALYZER_NUMBER_OBJECT_CONVERSION = YES_AGGRESSIVE;
				CLANG_CXX_LANGUAGE_STANDARD = "gnu++14";
				CLANG_CXX_LIBRARY = "libc++";
				CLANG_ENABLE_MODULES = YES;
				CLANG_ENABLE_OBJC_ARC = YES;
				CLANG_ENABLE_OBJC_WEAK = YES;
				CLANG_WARN_BLOCK_CAPTURE_AUTORELEASING = YES;
				CLANG_WARN_BOOL_CONVERSION = YES;
				CLANG_WARN_COMMA = YES;
				CLANG_WARN_CONSTANT_CONVERSION = YES;
				CLANG_WARN_DEPRECATED_OBJC_IMPLEMENTATIONS = YES;
				CLANG_WARN_DIRECT_OBJC_ISA_USAGE = YES_ERROR;
				CLANG_WARN_DOCUMENTATION_COMMENTS = YES;
				CLANG_WARN_EMPTY_BODY = YES;
				CLANG_WARN_ENUM_CONVERSION = YES;
				CLANG_WARN_INFINITE_RECURSION = YES;
				CLANG_WARN_INT_CONVERSION = YES;
				CLANG_WARN_NON_LITERAL_NULL_CONVERSION = YES;
				CLANG_WARN_OBJC_IMPLICIT_RETAIN_SELF = YES;
				CLANG_WARN_OBJC_LITERAL_CONVERSION = YES;
				CLANG_WARN_OBJC_ROOT_CLASS = YES_ERROR;
				CLANG_WARN_QUOTED_INCLUDE_IN_FRAMEWORK_HEADER = YES;
				CLANG_WARN_RANGE_LOOP_ANALYSIS = YES;
				CLANG_WARN_STRICT_PROTOTYPES = YES;
				CLANG_WARN_SUSPICIOUS_MOVE = YES;
				CLANG_WARN_UNGUARDED_AVAILABILITY = YES_AGGRESSIVE;
				CLANG_WARN_UNREACHABLE_CODE = YES;
				CLANG_WARN__DUPLICATE_METHOD_MATCH = YES;
				COPY_PHASE_STRIP = NO;
				DEBUG_INFORMATION_FORMAT = dwarf;
				ENABLE_STRICT_OBJC_MSGSEND = YES;
				ENABLE_TESTABILITY = YES;
				GCC_C_LANGUAGE_STANDARD = gnu11;
				GCC_DYNAMIC_NO_PIC = NO;
				GCC_NO_COMMON_BLOCKS = YES;
				GCC_OPTIMIZATION_LEVEL = 0;
				GCC_PREPROCESSOR_DEFINITIONS = (
					"DEBUG=1",
					"$(inherited)",
				);
				GCC_WARN_64_TO_32_BIT_CONVERSION = YES;
				GCC_WARN_ABOUT_RETURN_TYPE = YES_ERROR;
				GCC_WARN_UNDECLARED_SELECTOR = YES;
				GCC_WARN_UNINITIALIZED_AUTOS = YES_AGGRESSIVE;
				GCC_WARN_UNUSED_FUNCTION = YES;
				GCC_WARN_UNUSED_VARIABLE = YES;
				IPHONEOS_DEPLOYMENT_TARGET = 14.5;
				MTL_ENABLE_DEBUG_INFO = INCLUDE_SOURCE;
				MTL_FAST_MATH = YES;
				ONLY_ACTIVE_ARCH = YES;
				SDKROOT = iphoneos;
				SWIFT_ACTIVE_COMPILATION_CONDITIONS = DEBUG;
				SWIFT_OPTIMIZATION_LEVEL = "-Onone";
			};
			name = Mock;
		};
		448A77EA268A2B5400B63773 /* Mock */ = {
			isa = XCBuildConfiguration;
			baseConfigurationReference = 5A1A276C1B014B124DFDD549 /* Pods-HomeWorkApp.mock.xcconfig */;
			buildSettings = {
				ALWAYS_EMBED_SWIFT_STANDARD_LIBRARIES = "$(inherited)";
				ASSETCATALOG_COMPILER_APPICON_NAME = AppIcon;
				ASSETCATALOG_COMPILER_GLOBAL_ACCENT_COLOR_NAME = AccentColor;
				CODE_SIGN_STYLE = Automatic;
				INFOPLIST_FILE = HomeWorkApp/Info.plist;
				LD_RUNPATH_SEARCH_PATHS = (
					"$(inherited)",
					"@executable_path/Frameworks",
				);
				PRODUCT_BUNDLE_IDENTIFIER = br.com.homeworkapp.HomeWorkApp;
				PRODUCT_NAME = "$(TARGET_NAME)";
				SWIFT_VERSION = 5.0;
				TARGETED_DEVICE_FAMILY = "1,2";
			};
			name = Mock;
		};
		448A77EB268A2B5400B63773 /* Mock */ = {
			isa = XCBuildConfiguration;
			baseConfigurationReference = 58D71475EA8BC02D27C6F47D /* Pods-HomeWorkAppTests.mock.xcconfig */;
			buildSettings = {
				ALWAYS_EMBED_SWIFT_STANDARD_LIBRARIES = "$(inherited)";
				BUNDLE_LOADER = "$(TEST_HOST)";
				CODE_SIGN_STYLE = Automatic;
				INFOPLIST_FILE = HomeWorkAppTests/Info.plist;
				IPHONEOS_DEPLOYMENT_TARGET = 14.5;
				LD_RUNPATH_SEARCH_PATHS = (
					"$(inherited)",
					"@executable_path/Frameworks",
					"@loader_path/Frameworks",
				);
				PRODUCT_BUNDLE_IDENTIFIER = br.com.homeworkapp.HomeWorkAppTests;
				PRODUCT_NAME = "$(TARGET_NAME)";
				SWIFT_VERSION = 5.0;
				TARGETED_DEVICE_FAMILY = "1,2";
				TEST_HOST = "$(BUILT_PRODUCTS_DIR)/HomeWorkApp.app/HomeWorkApp";
			};
			name = Mock;
		};
		448A77EC268A2B5400B63773 /* Mock */ = {
			isa = XCBuildConfiguration;
			baseConfigurationReference = BF97308EC0324CAB6DC690C1 /* Pods-HomeWorkAppUITests.mock.xcconfig */;
			buildSettings = {
				ALWAYS_EMBED_SWIFT_STANDARD_LIBRARIES = "$(inherited)";
				CODE_SIGN_STYLE = Automatic;
				INFOPLIST_FILE = HomeWorkAppUITests/Info.plist;
				LD_RUNPATH_SEARCH_PATHS = (
					"$(inherited)",
					"@executable_path/Frameworks",
					"@loader_path/Frameworks",
				);
				PRODUCT_BUNDLE_IDENTIFIER = br.com.homeworkapp.HomeWorkAppUITests;
				PRODUCT_NAME = "$(TARGET_NAME)";
				SWIFT_VERSION = 5.0;
				TARGETED_DEVICE_FAMILY = "1,2";
				TEST_TARGET_NAME = HomeWorkApp;
			};
			name = Mock;
		};
/* End XCBuildConfiguration section */

/* Begin XCConfigurationList section */
		448A77742689F26F00B63773 /* Build configuration list for PBXProject "HomeWorkApp" */ = {
			isa = XCConfigurationList;
			buildConfigurations = (
				448A77A12689F27200B63773 /* Debug */,
				448A77E9268A2B5400B63773 /* Mock */,
				448A77A22689F27200B63773 /* Release */,
			);
			defaultConfigurationIsVisible = 0;
			defaultConfigurationName = Release;
		};
		448A77A32689F27200B63773 /* Build configuration list for PBXNativeTarget "HomeWorkApp" */ = {
			isa = XCConfigurationList;
			buildConfigurations = (
				448A77A42689F27200B63773 /* Debug */,
				448A77EA268A2B5400B63773 /* Mock */,
				448A77A52689F27200B63773 /* Release */,
			);
			defaultConfigurationIsVisible = 0;
			defaultConfigurationName = Release;
		};
		448A77A62689F27200B63773 /* Build configuration list for PBXNativeTarget "HomeWorkAppTests" */ = {
			isa = XCConfigurationList;
			buildConfigurations = (
				448A77A72689F27200B63773 /* Debug */,
				448A77EB268A2B5400B63773 /* Mock */,
				448A77A82689F27200B63773 /* Release */,
			);
			defaultConfigurationIsVisible = 0;
			defaultConfigurationName = Release;
		};
		448A77A92689F27200B63773 /* Build configuration list for PBXNativeTarget "HomeWorkAppUITests" */ = {
			isa = XCConfigurationList;
			buildConfigurations = (
				448A77AA2689F27200B63773 /* Debug */,
				448A77EC268A2B5400B63773 /* Mock */,
				448A77AB2689F27200B63773 /* Release */,
			);
			defaultConfigurationIsVisible = 0;
			defaultConfigurationName = Release;
		};
/* End XCConfigurationList section */
	};
	rootObject = 448A77712689F26F00B63773 /* Project object */;
}
